
Microsoft Visual Studio Solution File, Format Version 12.00
# Visual Studio Version 17
VisualStudioVersion = 17.6.33723.286
MinimumVisualStudioVersion = 10.0.40219.1
Project("{FAE04EC0-301F-11D3-BF4B-00C04F79EFBC}") = "Lekcja04_Zadanie_1", "Lekcja04_Zadanie_1\Lekcja04_Zadanie_1.csproj", "{B1DAA83D-3A8C-47BB-9F27-3D734B233A08}"
EndProject
Global
	GlobalSection(SolutionConfigurationPlatforms) = preSolution
		Debug|Any CPU = Debug|Any CPU
		Release|Any CPU = Release|Any CPU
	EndGlobalSection
	GlobalSection(ProjectConfigurationPlatforms) = postSolution
		{B1DAA83D-3A8C-47BB-9F27-3D734B233A08}.Debug|Any CPU.ActiveCfg = Debug|Any CPU
		{B1DAA83D-3A8C-47BB-9F27-3D734B233A08}.Debug|Any CPU.Build.0 = Debug|Any CPU
		{B1DAA83D-3A8C-47BB-9F27-3D734B233A08}.Release|Any CPU.ActiveCfg = Release|Any CPU
		{B1DAA83D-3A8C-47BB-9F27-3D734B233A08}.Release|Any CPU.Build.0 = Release|Any CPU
	EndGlobalSection
	GlobalSection(SolutionProperties) = preSolution
		HideSolutionNode = FALSE
	EndGlobalSection
	GlobalSection(ExtensibilityGlobals) = postSolution
		SolutionGuid = {1EB59A2B-88AD-40C0-B2DB-D74B7F18A84E}
	EndGlobalSection
EndGlobal
